
Microsoft Visual Studio Solution File, Format Version 12.00
Project("{FAE04EC0-301F-11D3-BF4B-00C04F79EFBC}") = "NoSpaceLeftOnDevice", "NoSpaceLeftOnDevice.csproj", "{CED7E5EE-5FE9-40F2-B989-C7BFBEDC4232}"
EndProject
Global
	GlobalSection(SolutionConfigurationPlatforms) = preSolution
		Debug|Any CPU = Debug|Any CPU
		Release|Any CPU = Release|Any CPU
	EndGlobalSection
	GlobalSection(ProjectConfigurationPlatforms) = postSolution
		{CED7E5EE-5FE9-40F2-B989-C7BFBEDC4232}.Debug|Any CPU.ActiveCfg = Debug|Any CPU
		{CED7E5EE-5FE9-40F2-B989-C7BFBEDC4232}.Debug|Any CPU.Build.0 = Debug|Any CPU
		{CED7E5EE-5FE9-40F2-B989-C7BFBEDC4232}.Release|Any CPU.ActiveCfg = Release|Any CPU
		{CED7E5EE-5FE9-40F2-B989-C7BFBEDC4232}.Release|Any CPU.Build.0 = Release|Any CPU
	EndGlobalSection
EndGlobal
