
Microsoft Visual Studio Solution File, Format Version 12.00
# Visual Studio Version 17
VisualStudioVersion = 17.8.34309.116
MinimumVisualStudioVersion = 10.0.40219.1
Project("{FAE04EC0-301F-11D3-BF4B-00C04F79EFBC}") = "GearRatios", "GearRatios.csproj", "{3410E1D2-D10B-4F82-A94E-8B70D33A1DE9}"
EndProject
Global
	GlobalSection(SolutionConfigurationPlatforms) = preSolution
		Debug|Any CPU = Debug|Any CPU
		Release|Any CPU = Release|Any CPU
	EndGlobalSection
	GlobalSection(ProjectConfigurationPlatforms) = postSolution
		{3410E1D2-D10B-4F82-A94E-8B70D33A1DE9}.Debug|Any CPU.ActiveCfg = Debug|Any CPU
		{3410E1D2-D10B-4F82-A94E-8B70D33A1DE9}.Debug|Any CPU.Build.0 = Debug|Any CPU
		{3410E1D2-D10B-4F82-A94E-8B70D33A1DE9}.Release|Any CPU.ActiveCfg = Release|Any CPU
		{3410E1D2-D10B-4F82-A94E-8B70D33A1DE9}.Release|Any CPU.Build.0 = Release|Any CPU
	EndGlobalSection
	GlobalSection(SolutionProperties) = preSolution
		HideSolutionNode = FALSE
	EndGlobalSection
	GlobalSection(ExtensibilityGlobals) = postSolution
		SolutionGuid = {7BBDD8FC-5902-4E98-86EA-DE38F89E79C0}
	EndGlobalSection
EndGlobal
