
Microsoft Visual Studio Solution File, Format Version 12.00
# Visual Studio Version 17
VisualStudioVersion = 17.4.33122.133
MinimumVisualStudioVersion = 10.0.40219.1
Project("{FAE04EC0-301F-11D3-BF4B-00C04F79EFBC}") = "RockPaperScissors", "RockPaperScissors.csproj", "{72BBDFF2-4A3D-4E78-9316-1F766192A604}"
EndProject
Global
	GlobalSection(SolutionConfigurationPlatforms) = preSolution
		Debug|Any CPU = Debug|Any CPU
		Release|Any CPU = Release|Any CPU
	EndGlobalSection
	GlobalSection(ProjectConfigurationPlatforms) = postSolution
		{72BBDFF2-4A3D-4E78-9316-1F766192A604}.Debug|Any CPU.ActiveCfg = Debug|Any CPU
		{72BBDFF2-4A3D-4E78-9316-1F766192A604}.Debug|Any CPU.Build.0 = Debug|Any CPU
		{72BBDFF2-4A3D-4E78-9316-1F766192A604}.Release|Any CPU.ActiveCfg = Release|Any CPU
		{72BBDFF2-4A3D-4E78-9316-1F766192A604}.Release|Any CPU.Build.0 = Release|Any CPU
	EndGlobalSection
	GlobalSection(SolutionProperties) = preSolution
		HideSolutionNode = FALSE
	EndGlobalSection
	GlobalSection(ExtensibilityGlobals) = postSolution
		SolutionGuid = {6537F71F-DF69-4E56-AC15-7A0958C022BE}
	EndGlobalSection
EndGlobal
