
Microsoft Visual Studio Solution File, Format Version 12.00
# Visual Studio Version 17
VisualStudioVersion = 17.8.34309.116
MinimumVisualStudioVersion = 10.0.40219.1
Project("{FAE04EC0-301F-11D3-BF4B-00C04F79EFBC}") = "CubeConundrum", "CubeConundrum.csproj", "{A7D5C58D-707D-47AC-890E-E84758027190}"
EndProject
Global
	GlobalSection(SolutionConfigurationPlatforms) = preSolution
		Debug|Any CPU = Debug|Any CPU
		Release|Any CPU = Release|Any CPU
	EndGlobalSection
	GlobalSection(ProjectConfigurationPlatforms) = postSolution
		{A7D5C58D-707D-47AC-890E-E84758027190}.Debug|Any CPU.ActiveCfg = Debug|Any CPU
		{A7D5C58D-707D-47AC-890E-E84758027190}.Debug|Any CPU.Build.0 = Debug|Any CPU
		{A7D5C58D-707D-47AC-890E-E84758027190}.Release|Any CPU.ActiveCfg = Release|Any CPU
		{A7D5C58D-707D-47AC-890E-E84758027190}.Release|Any CPU.Build.0 = Release|Any CPU
	EndGlobalSection
	GlobalSection(SolutionProperties) = preSolution
		HideSolutionNode = FALSE
	EndGlobalSection
	GlobalSection(ExtensibilityGlobals) = postSolution
		SolutionGuid = {C98AC5A2-AC15-471E-94DC-9891174B50DB}
	EndGlobalSection
EndGlobal
